
Microsoft Visual Studio Solution File, Format Version 12.00
# Visual Studio Version 17
VisualStudioVersion = 17.5.33516.290
MinimumVisualStudioVersion = 10.0.40219.1
Project("{FAE04EC0-301F-11D3-BF4B-00C04F79EFBC}") = "App2.Android", "App2.Android\App2.Android.csproj", "{32045523-466A-4E04-9C57-6F0719F8B3A8}"
EndProject
Project("{FAE04EC0-301F-11D3-BF4B-00C04F79EFBC}") = "App2", "App2\App2.csproj", "{570B2A34-4EB0-4D72-BCAB-271076506C8B}"
EndProject
Global
	GlobalSection(SolutionConfigurationPlatforms) = preSolution
		Debug|Any CPU = Debug|Any CPU
		Release|Any CPU = Release|Any CPU
	EndGlobalSection
	GlobalSection(ProjectConfigurationPlatforms) = postSolution
		{32045523-466A-4E04-9C57-6F0719F8B3A8}.Debug|Any CPU.ActiveCfg = Debug|Any CPU
		{32045523-466A-4E04-9C57-6F0719F8B3A8}.Debug|Any CPU.Build.0 = Debug|Any CPU
		{32045523-466A-4E04-9C57-6F0719F8B3A8}.Debug|Any CPU.Deploy.0 = Debug|Any CPU
		{32045523-466A-4E04-9C57-6F0719F8B3A8}.Release|Any CPU.ActiveCfg = Release|Any CPU
		{32045523-466A-4E04-9C57-6F0719F8B3A8}.Release|Any CPU.Build.0 = Release|Any CPU
		{32045523-466A-4E04-9C57-6F0719F8B3A8}.Release|Any CPU.Deploy.0 = Release|Any CPU
		{570B2A34-4EB0-4D72-BCAB-271076506C8B}.Debug|Any CPU.ActiveCfg = Debug|Any CPU
		{570B2A34-4EB0-4D72-BCAB-271076506C8B}.Debug|Any CPU.Build.0 = Debug|Any CPU
		{570B2A34-4EB0-4D72-BCAB-271076506C8B}.Debug|Any CPU.Deploy.0 = Debug|Any CPU
		{570B2A34-4EB0-4D72-BCAB-271076506C8B}.Release|Any CPU.ActiveCfg = Release|Any CPU
		{570B2A34-4EB0-4D72-BCAB-271076506C8B}.Release|Any CPU.Build.0 = Release|Any CPU
		{570B2A34-4EB0-4D72-BCAB-271076506C8B}.Release|Any CPU.Deploy.0 = Release|Any CPU
	EndGlobalSection
	GlobalSection(SolutionProperties) = preSolution
		HideSolutionNode = FALSE
	EndGlobalSection
	GlobalSection(ExtensibilityGlobals) = postSolution
		SolutionGuid = {23964AAA-FC65-4A88-A54C-2EA14CAD1852}
	EndGlobalSection
EndGlobal
